// !$*UTF8*$!
{
	archiveVersion = 1;
	classes = {
	};
	objectVersion = 56;
	objects = {

/* Begin PBXBuildFile section */
		A4A2C9BF29494D6D003BD5EC /* SwiftUIBottomSheetExampleApp.swift in Sources */ = {isa = PBXBuildFile; fileRef = A4A2C9BE29494D6D003BD5EC /* SwiftUIBottomSheetExampleApp.swift */; };
		A4A2C9C129494D6D003BD5EC /* ContentView.swift in Sources */ = {isa = PBXBuildFile; fileRef = A4A2C9C029494D6D003BD5EC /* ContentView.swift */; };
		A4A2C9C329494D70003BD5EC /* Assets.xcassets in Resources */ = {isa = PBXBuildFile; fileRef = A4A2C9C229494D70003BD5EC /* Assets.xcassets */; };
		A4A2C9C629494D70003BD5EC /* Preview Assets.xcassets in Resources */ = {isa = PBXBuildFile; fileRef = A4A2C9C529494D70003BD5EC /* Preview Assets.xcassets */; };
		A4A2C9CF29494DC3003BD5EC /* Home.swift in Sources */ = {isa = PBXBuildFile; fileRef = A4A2C9CE29494DC3003BD5EC /* Home.swift */; };
		A4A2C9D129495053003BD5EC /* Extension+View.swift in Sources */ = {isa = PBXBuildFile; fileRef = A4A2C9D029495053003BD5EC /* Extension+View.swift */; };
/* End PBXBuildFile section */

/* Begin PBXFileReference section */
		A4A2C9BB29494D6D003BD5EC /* SwiftUIBottomSheetExample.app */ = {isa = PBXFileReference; explicitFileType = wrapper.application; includeInIndex = 0; path = SwiftUIBottomSheetExample.app; sourceTree = BUILT_PRODUCTS_DIR; };
		A4A2C9BE29494D6D003BD5EC /* SwiftUIBottomSheetExampleApp.swift */ = {isa = PBXFileReference; lastKnownFileType = sourcecode.swift; path = SwiftUIBottomSheetExampleApp.swift; sourceTree = "<group>"; };
		A4A2C9C029494D6D003BD5EC /* ContentView.swift */ = {isa = PBXFileReference; lastKnownFileType = sourcecode.swift; path = ContentView.swift; sourceTree = "<group>"; };
		A4A2C9C229494D70003BD5EC /* Assets.xcassets */ = {isa = PBXFileReference; lastKnownFileType = folder.assetcatalog; path = Assets.xcassets; sourceTree = "<group>"; };
		A4A2C9C529494D70003BD5EC /* Preview Assets.xcassets */ = {isa = PBXFileReference; lastKnownFileType = folder.assetcatalog; path = "Preview Assets.xcassets"; sourceTree = "<group>"; };
		A4A2C9CE29494DC3003BD5EC /* Home.swift */ = {isa = PBXFileReference; lastKnownFileType = sourcecode.swift; path = Home.swift; sourceTree = "<group>"; };
		A4A2C9D029495053003BD5EC /* Extension+View.swift */ = {isa = PBXFileReference; lastKnownFileType = sourcecode.swift; path = "Extension+View.swift"; sourceTree = "<group>"; };
/* End PBXFileReference section */

/* Begin PBXFrameworksBuildPhase section */
		A4A2C9B829494D6D003BD5EC /* Frameworks */ = {
			isa = PBXFrameworksBuildPhase;
			buildActionMask = 2147483647;
			files = (
			);
			runOnlyForDeploymentPostprocessing = 0;
		};
/* End PBXFrameworksBuildPhase section */

/* Begin PBXGroup section */
		A4A2C9B229494D6D003BD5EC = {
			isa = PBXGroup;
			children = (
				A4A2C9BD29494D6D003BD5EC /* SwiftUIBottomSheetExample */,
				A4A2C9BC29494D6D003BD5EC /* Products */,
			);
			sourceTree = "<group>";
		};
		A4A2C9BC29494D6D003BD5EC /* Products */ = {
			isa = PBXGroup;
			children = (
				A4A2C9BB29494D6D003BD5EC /* SwiftUIBottomSheetExample.app */,
			);
			name = Products;
			sourceTree = "<group>";
		};
		A4A2C9BD29494D6D003BD5EC /* SwiftUIBottomSheetExample */ = {
			isa = PBXGroup;
			children = (
				A4A2C9CD29494DA6003BD5EC /* Helpers */,
				A4A2C9CC29494D9F003BD5EC /* View */,
				A4A2C9BE29494D6D003BD5EC /* SwiftUIBottomSheetExampleApp.swift */,
				A4A2C9C029494D6D003BD5EC /* ContentView.swift */,
				A4A2C9C229494D70003BD5EC /* Assets.xcassets */,
				A4A2C9C429494D70003BD5EC /* Preview Content */,
			);
			path = SwiftUIBottomSheetExample;
			sourceTree = "<group>";
		};
		A4A2C9C429494D70003BD5EC /* Preview Content */ = {
			isa = PBXGroup;
			children = (
				A4A2C9C529494D70003BD5EC /* Preview Assets.xcassets */,
			);
			path = "Preview Content";
			sourceTree = "<group>";
		};
		A4A2C9CC29494D9F003BD5EC /* View */ = {
			isa = PBXGroup;
			children = (
				A4A2C9CE29494DC3003BD5EC /* Home.swift */,
			);
			path = View;
			sourceTree = "<group>";
		};
		A4A2C9CD29494DA6003BD5EC /* Helpers */ = {
			isa = PBXGroup;
			children = (
				A4A2C9D029495053003BD5EC /* Extension+View.swift */,
			);
			path = Helpers;
			sourceTree = "<group>";
		};
/* End PBXGroup section */

/* Begin PBXNativeTarget section */
		A4A2C9BA29494D6D003BD5EC /* SwiftUIBottomSheetExample */ = {
			isa = PBXNativeTarget;
			buildConfigurationList = A4A2C9C929494D70003BD5EC /* Build configuration list for PBXNativeTarget "SwiftUIBottomSheetExample" */;
			buildPhases = (
				A4A2C9B729494D6D003BD5EC /* Sources */,
				A4A2C9B829494D6D003BD5EC /* Frameworks */,
				A4A2C9B929494D6D003BD5EC /* Resources */,
			);
			buildRules = (
			);
			dependencies = (
			);
			name = SwiftUIBottomSheetExample;
			productName = SwiftUIBottomSheetExample;
			productReference = A4A2C9BB29494D6D003BD5EC /* SwiftUIBottomSheetExample.app */;
			productType = "com.apple.product-type.application";
		};
/* End PBXNativeTarget section */

/* Begin PBXProject section */
		A4A2C9B329494D6D003BD5EC /* Project object */ = {
			isa = PBXProject;
			attributes = {
				BuildIndependentTargetsInParallel = 1;
				LastSwiftUpdateCheck = 1410;
				LastUpgradeCheck = 1410;
				TargetAttributes = {
					A4A2C9BA29494D6D003BD5EC = {
						CreatedOnToolsVersion = 14.1;
					};
				};
			};
			buildConfigurationList = A4A2C9B629494D6D003BD5EC /* Build configuration list for PBXProject "SwiftUIBottomSheetExample" */;
			compatibilityVersion = "Xcode 14.0";
			developmentRegion = en;
			hasScannedForEncodings = 0;
			knownRegions = (
				en,
				Base,
			);
			mainGroup = A4A2C9B229494D6D003BD5EC;
			productRefGroup = A4A2C9BC29494D6D003BD5EC /* Products */;
			projectDirPath = "";
			projectRoot = "";
			targets = (
				A4A2C9BA29494D6D003BD5EC /* SwiftUIBottomSheetExample */,
			);
		};
/* End PBXProject section */

/* Begin PBXResourcesBuildPhase section */
		A4A2C9B929494D6D003BD5EC /* Resources */ = {
			isa = PBXResourcesBuildPhase;
			buildActionMask = 2147483647;
			files = (
				A4A2C9C629494D70003BD5EC /* Preview Assets.xcassets in Resources */,
				A4A2C9C329494D70003BD5EC /* Assets.xcassets in Resources */,
			);
			runOnlyForDeploymentPostprocessing = 0;
		};
/* End PBXResourcesBuildPhase section */

/* Begin PBXSourcesBuildPhase section */
		A4A2C9B729494D6D003BD5EC /* Sources */ = {
			isa = PBXSourcesBuildPhase;
			buildActionMask = 2147483647;
			files = (
				A4A2C9C129494D6D003BD5EC /* ContentView.swift in Sources */,
				A4A2C9CF29494DC3003BD5EC /* Home.swift in Sources */,
				A4A2C9D129495053003BD5EC /* Extension+View.swift in Sources */,
				A4A2C9BF29494D6D003BD5EC /* SwiftUIBottomSheetExampleApp.swift in Sources */,
			);
			runOnlyForDeploymentPostprocessing = 0;
		};
/* End PBXSourcesBuildPhase section */

/* Begin XCBuildConfiguration section */
		A4A2C9C729494D70003BD5EC /* Debug */ = {
			isa = XCBuildConfiguration;
			buildSettings = {
				ALWAYS_SEARCH_USER_PATHS = NO;
				CLANG_ANALYZER_NONNULL = YES;
				CLANG_ANALYZER_NUMBER_OBJECT_CONVERSION = YES_AGGRESSIVE;
				CLANG_CXX_LANGUAGE_STANDARD = "gnu++20";
				CLANG_ENABLE_MODULES = YES;
				CLANG_ENABLE_OBJC_ARC = YES;
				CLANG_ENABLE_OBJC_WEAK = YES;
				CLANG_WARN_BLOCK_CAPTURE_AUTORELEASING = YES;
				CLANG_WARN_BOOL_CONVERSION = YES;
				CLANG_WARN_COMMA = YES;
				CLANG_WARN_CONSTANT_CONVERSION = YES;
				CLANG_WARN_DEPRECATED_OBJC_IMPLEMENTATIONS = YES;
				CLANG_WARN_DIRECT_OBJC_ISA_USAGE = YES_ERROR;
				CLANG_WARN_DOCUMENTATION_COMMENTS = YES;
				CLANG_WARN_EMPTY_BODY = YES;
				CLANG_WARN_ENUM_CONVERSION = YES;
				CLANG_WARN_INFINITE_RECURSION = YES;
				CLANG_WARN_INT_CONVERSION = YES;
				CLANG_WARN_NON_LITERAL_NULL_CONVERSION = YES;
				CLANG_WARN_OBJC_IMPLICIT_RETAIN_SELF = YES;
				CLANG_WARN_OBJC_LITERAL_CONVERSION = YES;
				CLANG_WARN_OBJC_ROOT_CLASS = YES_ERROR;
				CLANG_WARN_QUOTED_INCLUDE_IN_FRAMEWORK_HEADER = YES;
				CLANG_WARN_RANGE_LOOP_ANALYSIS = YES;
				CLANG_WARN_STRICT_PROTOTYPES = YES;
				CLANG_WARN_SUSPICIOUS_MOVE = YES;
				CLANG_WARN_UNGUARDED_AVAILABILITY = YES_AGGRESSIVE;
				CLANG_WARN_UNREACHABLE_CODE = YES;
				CLANG_WARN__DUPLICATE_METHOD_MATCH = YES;
				COPY_PHASE_STRIP = NO;
				DEBUG_INFORMATION_FORMAT = dwarf;
				ENABLE_STRICT_OBJC_MSGSEND = YES;
				ENABLE_TESTABILITY = YES;
				GCC_C_LANGUAGE_STANDARD = gnu11;
				GCC_DYNAMIC_NO_PIC = NO;
				GCC_NO_COMMON_BLOCKS = YES;
				GCC_OPTIMIZATION_LEVEL = 0;
				GCC_PREPROCESSOR_DEFINITIONS = (
					"DEBUG=1",
					"$(inherited)",
				);
				GCC_WARN_64_TO_32_BIT_CONVERSION = YES;
				GCC_WARN_ABOUT_RETURN_TYPE = YES_ERROR;
				GCC_WARN_UNDECLARED_SELECTOR = YES;
				GCC_WARN_UNINITIALIZED_AUTOS = YES_AGGRESSIVE;
				GCC_WARN_UNUSED_FUNCTION = YES;
				GCC_WARN_UNUSED_VARIABLE = YES;
				IPHONEOS_DEPLOYMENT_TARGET = 16.1;
				MTL_ENABLE_DEBUG_INFO = INCLUDE_SOURCE;
				MTL_FAST_MATH = YES;
				ONLY_ACTIVE_ARCH = YES;
				SDKROOT = iphoneos;
				SWIFT_ACTIVE_COMPILATION_CONDITIONS = DEBUG;
				SWIFT_OPTIMIZATION_LEVEL = "-Onone";
			};
			name = Debug;
		};
		A4A2C9C829494D70003BD5EC /* Release */ = {
			isa = XCBuildConfiguration;
			buildSettings = {
				ALWAYS_SEARCH_USER_PATHS = NO;
				CLANG_ANALYZER_NONNULL = YES;
				CLANG_ANALYZER_NUMBER_OBJECT_CONVERSION = YES_AGGRESSIVE;
				CLANG_CXX_LANGUAGE_STANDARD = "gnu++20";
				CLANG_ENABLE_MODULES = YES;
				CLANG_ENABLE_OBJC_ARC = YES;
				CLANG_ENABLE_OBJC_WEAK = YES;
				CLANG_WARN_BLOCK_CAPTURE_AUTORELEASING = YES;
				CLANG_WARN_BOOL_CONVERSION = YES;
				CLANG_WARN_COMMA = YES;
				CLANG_WARN_CONSTANT_CONVERSION = YES;
				CLANG_WARN_DEPRECATED_OBJC_IMPLEMENTATIONS = YES;
				CLANG_WARN_DIRECT_OBJC_ISA_USAGE = YES_ERROR;
				CLANG_WARN_DOCUMENTATION_COMMENTS = YES;
				CLANG_WARN_EMPTY_BODY = YES;
				CLANG_WARN_ENUM_CONVERSION = YES;
				CLANG_WARN_INFINITE_RECURSION = YES;
				CLANG_WARN_INT_CONVERSION = YES;
				CLANG_WARN_NON_LITERAL_NULL_CONVERSION = YES;
				CLANG_WARN_OBJC_IMPLICIT_RETAIN_SELF = YES;
				CLANG_WARN_OBJC_LITERAL_CONVERSION = YES;
				CLANG_WARN_OBJC_ROOT_CLASS = YES_ERROR;
				CLANG_WARN_QUOTED_INCLUDE_IN_FRAMEWORK_HEADER = YES;
				CLANG_WARN_RANGE_LOOP_ANALYSIS = YES;
				CLANG_WARN_STRICT_PROTOTYPES = YES;
				CLANG_WARN_SUSPICIOUS_MOVE = YES;
				CLANG_WARN_UNGUARDED_AVAILABILITY = YES_AGGRESSIVE;
				CLANG_WARN_UNREACHABLE_CODE = YES;
				CLANG_WARN__DUPLICATE_METHOD_MATCH = YES;
				COPY_PHASE_STRIP = NO;
				DEBUG_INFORMATION_FORMAT = "dwarf-with-dsym";
				ENABLE_NS_ASSERTIONS = NO;
				ENABLE_STRICT_OBJC_MSGSEND = YES;
				GCC_C_LANGUAGE_STANDARD = gnu11;
				GCC_NO_COMMON_BLOCKS = YES;
				GCC_WARN_64_TO_32_BIT_CONVERSION = YES;
				GCC_WARN_ABOUT_RETURN_TYPE = YES_ERROR;
				GCC_WARN_UNDECLARED_SELECTOR = YES;
				GCC_WARN_UNINITIALIZED_AUTOS = YES_AGGRESSIVE;
				GCC_WARN_UNUSED_FUNCTION = YES;
				GCC_WARN_UNUSED_VARIABLE = YES;
				IPHONEOS_DEPLOYMENT_TARGET = 16.1;
				MTL_ENABLE_DEBUG_INFO = NO;
				MTL_FAST_MATH = YES;
				SDKROOT = iphoneos;
				SWIFT_COMPILATION_MODE = wholemodule;
				SWIFT_OPTIMIZATION_LEVEL = "-O";
				VALIDATE_PRODUCT = YES;
			};
			name = Release;
		};
		A4A2C9CA29494D70003BD5EC /* Debug */ = {
			isa = XCBuildConfiguration;
			buildSettings = {
				ASSETCATALOG_COMPILER_APPICON_NAME = AppIcon;
				ASSETCATALOG_COMPILER_GLOBAL_ACCENT_COLOR_NAME = AccentColor;
				CODE_SIGN_STYLE = Automatic;
				CURRENT_PROJECT_VERSION = 1;
				DEVELOPMENT_ASSET_PATHS = "\"SwiftUIBottomSheetExample/Preview Content\"";
				DEVELOPMENT_TEAM = T73532284R;
				ENABLE_PREVIEWS = YES;
				GENERATE_INFOPLIST_FILE = YES;
				INFOPLIST_KEY_UIApplicationSceneManifest_Generation = YES;
				INFOPLIST_KEY_UIApplicationSupportsIndirectInputEvents = YES;
				INFOPLIST_KEY_UILaunchScreen_Generation = YES;
				INFOPLIST_KEY_UISupportedInterfaceOrientations_iPad = "UIInterfaceOrientationPortrait UIInterfaceOrientationPortraitUpsideDown UIInterfaceOrientationLandscapeLeft UIInterfaceOrientationLandscapeRight";
				INFOPLIST_KEY_UISupportedInterfaceOrientations_iPhone = "UIInterfaceOrientationPortrait UIInterfaceOrientationLandscapeLeft UIInterfaceOrientationLandscapeRight";
				LD_RUNPATH_SEARCH_PATHS = (
					"$(inherited)",
					"@executable_path/Frameworks",
				);
				MARKETING_VERSION = 1.0;
				PRODUCT_BUNDLE_IDENTIFIER = trimer.vitor.SwiftUIBottomSheetExample;
				PRODUCT_NAME = "$(TARGET_NAME)";
				SWIFT_EMIT_LOC_STRINGS = YES;
				SWIFT_VERSION = 5.0;
				TARGETED_DEVICE_FAMILY = "1,2";
			};
			name = Debug;
		};
		A4A2C9CB29494D70003BD5EC /* Release */ = {
			isa = XCBuildConfiguration;
			buildSettings = {
				ASSETCATALOG_COMPILER_APPICON_NAME = AppIcon;
				ASSETCATALOG_COMPILER_GLOBAL_ACCENT_COLOR_NAME = AccentColor;
				CODE_SIGN_STYLE = Automatic;
				CURRENT_PROJECT_VERSION = 1;
				DEVELOPMENT_ASSET_PATHS = "\"SwiftUIBottomSheetExample/Preview Content\"";
				DEVELOPMENT_TEAM = T73532284R;
				ENABLE_PREVIEWS = YES;
				GENERATE_INFOPLIST_FILE = YES;
				INFOPLIST_KEY_UIApplicationSceneManifest_Generation = YES;
				INFOPLIST_KEY_UIApplicationSupportsIndirectInputEvents = YES;
				INFOPLIST_KEY_UILaunchScreen_Generation = YES;
				INFOPLIST_KEY_UISupportedInterfaceOrientations_iPad = "UIInterfaceOrientationPortrait UIInterfaceOrientationPortraitUpsideDown UIInterfaceOrientationLandscapeLeft UIInterfaceOrientationLandscapeRight";
				INFOPLIST_KEY_UISupportedInterfaceOrientations_iPhone = "UIInterfaceOrientationPortrait UIInterfaceOrientationLandscapeLeft UIInterfaceOrientationLandscapeRight";
				LD_RUNPATH_SEARCH_PATHS = (
					"$(inherited)",
					"@executable_path/Frameworks",
				);
				MARKETING_VERSION = 1.0;
				PRODUCT_BUNDLE_IDENTIFIER = trimer.vitor.SwiftUIBottomSheetExample;
				PRODUCT_NAME = "$(TARGET_NAME)";
				SWIFT_EMIT_LOC_STRINGS = YES;
				SWIFT_VERSION = 5.0;
				TARGETED_DEVICE_FAMILY = "1,2";
			};
			name = Release;
		};
/* End XCBuildConfiguration section */

/* Begin XCConfigurationList section */
		A4A2C9B629494D6D003BD5EC /* Build configuration list for PBXProject "SwiftUIBottomSheetExample" */ = {
			isa = XCConfigurationList;
			buildConfigurations = (
				A4A2C9C729494D70003BD5EC /* Debug */,
				A4A2C9C829494D70003BD5EC /* Release */,
			);
			defaultConfigurationIsVisible = 0;
			defaultConfigurationName = Release;
		};
		A4A2C9C929494D70003BD5EC /* Build configuration list for PBXNativeTarget "SwiftUIBottomSheetExample" */ = {
			isa = XCConfigurationList;
			buildConfigurations = (
				A4A2C9CA29494D70003BD5EC /* Debug */,
				A4A2C9CB29494D70003BD5EC /* Release */,
			);
			defaultConfigurationIsVisible = 0;
			defaultConfigurationName = Release;
		};
/* End XCConfigurationList section */
	};
	rootObject = A4A2C9B329494D6D003BD5EC /* Project object */;
}
